
Microsoft Visual Studio Solution File, Format Version 12.00
# Visual Studio Version 17
VisualStudioVersion = 17.14.36623.8 d17.14
MinimumVisualStudioVersion = 10.0.40219.1
Project("{FAE04EC0-301F-11D3-BF4B-00C04F79EFBC}") = "AnaOSProject", "AnaOSProject\AnaOSProject.csproj", "{3B767EC1-7FA7-4D24-9EC3-8A042C2EF82C}"
EndProject
Global
	GlobalSection(SolutionConfigurationPlatforms) = preSolution
		Debug|Any CPU = Debug|Any CPU
		Release|Any CPU = Release|Any CPU
	EndGlobalSection
	GlobalSection(ProjectConfigurationPlatforms) = postSolution
		{3B767EC1-7FA7-4D24-9EC3-8A042C2EF82C}.Debug|Any CPU.ActiveCfg = Debug|Any CPU
		{3B767EC1-7FA7-4D24-9EC3-8A042C2EF82C}.Debug|Any CPU.Build.0 = Debug|Any CPU
		{3B767EC1-7FA7-4D24-9EC3-8A042C2EF82C}.Release|Any CPU.ActiveCfg = Release|Any CPU
		{3B767EC1-7FA7-4D24-9EC3-8A042C2EF82C}.Release|Any CPU.Build.0 = Release|Any CPU
	EndGlobalSection
	GlobalSection(SolutionProperties) = preSolution
		HideSolutionNode = FALSE
	EndGlobalSection
	GlobalSection(ExtensibilityGlobals) = postSolution
		SolutionGuid = {1691A7C4-5D47-45B1-ACC1-1DC16ACEF6AF}
	EndGlobalSection
EndGlobal
